// !$*UTF8*$!
{
	archiveVersion = 1;
	classes = {
	};
	objectVersion = 46;
	objects = {

/* Begin PBXBuildFile section */
		01E5E0EE1C27B21A00A9C7B7 /* AppDelegate.swift in Sources */ = {isa = PBXBuildFile; fileRef = 01E5E0ED1C27B21A00A9C7B7 /* AppDelegate.swift */; };
		01E5E0F01C27B21A00A9C7B7 /* ViewController.swift in Sources */ = {isa = PBXBuildFile; fileRef = 01E5E0EF1C27B21A00A9C7B7 /* ViewController.swift */; };
		01E5E0F31C27B21A00A9C7B7 /* Main.storyboard in Resources */ = {isa = PBXBuildFile; fileRef = 01E5E0F11C27B21A00A9C7B7 /* Main.storyboard */; };
		01E5E0F51C27B21A00A9C7B7 /* Assets.xcassets in Resources */ = {isa = PBXBuildFile; fileRef = 01E5E0F41C27B21A00A9C7B7 /* Assets.xcassets */; };
		01E5E0F81C27B21A00A9C7B7 /* LaunchScreen.storyboard in Resources */ = {isa = PBXBuildFile; fileRef = 01E5E0F61C27B21A00A9C7B7 /* LaunchScreen.storyboard */; };
		01E5E1001C27B2CF00A9C7B7 /* BlueViewController.swift in Sources */ = {isa = PBXBuildFile; fileRef = 01E5E0FF1C27B2CF00A9C7B7 /* BlueViewController.swift */; };
		01E5E1021C27B2DC00A9C7B7 /* GrayViewController.swift in Sources */ = {isa = PBXBuildFile; fileRef = 01E5E1011C27B2DC00A9C7B7 /* GrayViewController.swift */; };
		01E5E1051C27B45600A9C7B7 /* BaseTransition.swift in Sources */ = {isa = PBXBuildFile; fileRef = 01E5E1031C27B45600A9C7B7 /* BaseTransition.swift */; };
		01E5E1061C27B45600A9C7B7 /* FadeTransition.swift in Sources */ = {isa = PBXBuildFile; fileRef = 01E5E1041C27B45600A9C7B7 /* FadeTransition.swift */; };
		01E5E1081C27C37000A9C7B7 /* LightboxTransition.swift in Sources */ = {isa = PBXBuildFile; fileRef = 01E5E1071C27C37000A9C7B7 /* LightboxTransition.swift */; };
/* End PBXBuildFile section */

/* Begin PBXFileReference section */
		01E5E0EA1C27B21A00A9C7B7 /* transitionAgain.app */ = {isa = PBXFileReference; explicitFileType = wrapper.application; includeInIndex = 0; path = transitionAgain.app; sourceTree = BUILT_PRODUCTS_DIR; };
		01E5E0ED1C27B21A00A9C7B7 /* AppDelegate.swift */ = {isa = PBXFileReference; lastKnownFileType = sourcecode.swift; path = AppDelegate.swift; sourceTree = "<group>"; };
		01E5E0EF1C27B21A00A9C7B7 /* ViewController.swift */ = {isa = PBXFileReference; lastKnownFileType = sourcecode.swift; path = ViewController.swift; sourceTree = "<group>"; };
		01E5E0F21C27B21A00A9C7B7 /* Base */ = {isa = PBXFileReference; lastKnownFileType = file.storyboard; name = Base; path = Base.lproj/Main.storyboard; sourceTree = "<group>"; };
		01E5E0F41C27B21A00A9C7B7 /* Assets.xcassets */ = {isa = PBXFileReference; lastKnownFileType = folder.assetcatalog; path = Assets.xcassets; sourceTree = "<group>"; };
		01E5E0F71C27B21A00A9C7B7 /* Base */ = {isa = PBXFileReference; lastKnownFileType = file.storyboard; name = Base; path = Base.lproj/LaunchScreen.storyboard; sourceTree = "<group>"; };
		01E5E0F91C27B21A00A9C7B7 /* Info.plist */ = {isa = PBXFileReference; lastKnownFileType = text.plist.xml; path = Info.plist; sourceTree = "<group>"; };
		01E5E0FF1C27B2CF00A9C7B7 /* BlueViewController.swift */ = {isa = PBXFileReference; fileEncoding = 4; lastKnownFileType = sourcecode.swift; path = BlueViewController.swift; sourceTree = "<group>"; };
		01E5E1011C27B2DC00A9C7B7 /* GrayViewController.swift */ = {isa = PBXFileReference; fileEncoding = 4; lastKnownFileType = sourcecode.swift; path = GrayViewController.swift; sourceTree = "<group>"; };
		01E5E1031C27B45600A9C7B7 /* BaseTransition.swift */ = {isa = PBXFileReference; fileEncoding = 4; lastKnownFileType = sourcecode.swift; path = BaseTransition.swift; sourceTree = "<group>"; };
		01E5E1041C27B45600A9C7B7 /* FadeTransition.swift */ = {isa = PBXFileReference; fileEncoding = 4; lastKnownFileType = sourcecode.swift; path = FadeTransition.swift; sourceTree = "<group>"; };
		01E5E1071C27C37000A9C7B7 /* LightboxTransition.swift */ = {isa = PBXFileReference; fileEncoding = 4; lastKnownFileType = sourcecode.swift; path = LightboxTransition.swift; sourceTree = "<group>"; };
/* End PBXFileReference section */

/* Begin PBXFrameworksBuildPhase section */
		01E5E0E71C27B21A00A9C7B7 /* Frameworks */ = {
			isa = PBXFrameworksBuildPhase;
			buildActionMask = 2147483647;
			files = (
			);
			runOnlyForDeploymentPostprocessing = 0;
		};
/* End PBXFrameworksBuildPhase section */

/* Begin PBXGroup section */
		01E5E0E11C27B21A00A9C7B7 = {
			isa = PBXGroup;
			children = (
				01E5E0EC1C27B21A00A9C7B7 /* transitionAgain */,
				01E5E0EB1C27B21A00A9C7B7 /* Products */,
			);
			sourceTree = "<group>";
		};
		01E5E0EB1C27B21A00A9C7B7 /* Products */ = {
			isa = PBXGroup;
			children = (
				01E5E0EA1C27B21A00A9C7B7 /* transitionAgain.app */,
			);
			name = Products;
			sourceTree = "<group>";
		};
		01E5E0EC1C27B21A00A9C7B7 /* transitionAgain */ = {
			isa = PBXGroup;
			children = (
				01E5E0ED1C27B21A00A9C7B7 /* AppDelegate.swift */,
				01E5E0EF1C27B21A00A9C7B7 /* ViewController.swift */,
				01E5E0F11C27B21A00A9C7B7 /* Main.storyboard */,
				01E5E1071C27C37000A9C7B7 /* LightboxTransition.swift */,
				01E5E1031C27B45600A9C7B7 /* BaseTransition.swift */,
				01E5E1041C27B45600A9C7B7 /* FadeTransition.swift */,
				01E5E1011C27B2DC00A9C7B7 /* GrayViewController.swift */,
				01E5E0FF1C27B2CF00A9C7B7 /* BlueViewController.swift */,
				01E5E0F41C27B21A00A9C7B7 /* Assets.xcassets */,
				01E5E0F61C27B21A00A9C7B7 /* LaunchScreen.storyboard */,
				01E5E0F91C27B21A00A9C7B7 /* Info.plist */,
			);
			path = transitionAgain;
			sourceTree = "<group>";
		};
/* End PBXGroup section */

/* Begin PBXNativeTarget section */
		01E5E0E91C27B21A00A9C7B7 /* transitionAgain */ = {
			isa = PBXNativeTarget;
			buildConfigurationList = 01E5E0FC1C27B21A00A9C7B7 /* Build configuration list for PBXNativeTarget "transitionAgain" */;
			buildPhases = (
				01E5E0E61C27B21A00A9C7B7 /* Sources */,
				01E5E0E71C27B21A00A9C7B7 /* Frameworks */,
				01E5E0E81C27B21A00A9C7B7 /* Resources */,
			);
			buildRules = (
			);
			dependencies = (
			);
			name = transitionAgain;
			productName = transitionAgain;
			productReference = 01E5E0EA1C27B21A00A9C7B7 /* transitionAgain.app */;
			productType = "com.apple.product-type.application";
		};
/* End PBXNativeTarget section */

/* Begin PBXProject section */
		01E5E0E21C27B21A00A9C7B7 /* Project object */ = {
			isa = PBXProject;
			attributes = {
				LastSwiftUpdateCheck = 0720;
				LastUpgradeCheck = 0720;
				ORGANIZATIONNAME = "Stacey Gennoy";
				TargetAttributes = {
					01E5E0E91C27B21A00A9C7B7 = {
						CreatedOnToolsVersion = 7.2;
					};
				};
			};
			buildConfigurationList = 01E5E0E51C27B21A00A9C7B7 /* Build configuration list for PBXProject "transitionAgain" */;
			compatibilityVersion = "Xcode 3.2";
			developmentRegion = English;
			hasScannedForEncodings = 0;
			knownRegions = (
				en,
				Base,
			);
			mainGroup = 01E5E0E11C27B21A00A9C7B7;
			productRefGroup = 01E5E0EB1C27B21A00A9C7B7 /* Products */;
			projectDirPath = "";
			projectRoot = "";
			targets = (
				01E5E0E91C27B21A00A9C7B7 /* transitionAgain */,
			);
		};
/* End PBXProject section */

/* Begin PBXResourcesBuildPhase section */
		01E5E0E81C27B21A00A9C7B7 /* Resources */ = {
			isa = PBXResourcesBuildPhase;
			buildActionMask = 2147483647;
			files = (
				01E5E0F81C27B21A00A9C7B7 /* LaunchScreen.storyboard in Resources */,
				01E5E0F51C27B21A00A9C7B7 /* Assets.xcassets in Resources */,
				01E5E0F31C27B21A00A9C7B7 /* Main.storyboard in Resources */,
			);
			runOnlyForDeploymentPostprocessing = 0;
		};
/* End PBXResourcesBuildPhase section */

/* Begin PBXSourcesBuildPhase section */
		01E5E0E61C27B21A00A9C7B7 /* Sources */ = {
			isa = PBXSourcesBuildPhase;
			buildActionMask = 2147483647;
			files = (
				01E5E0F01C27B21A00A9C7B7 /* ViewController.swift in Sources */,
				01E5E1081C27C37000A9C7B7 /* LightboxTransition.swift in Sources */,
				01E5E1051C27B45600A9C7B7 /* BaseTransition.swift in Sources */,
				01E5E1021C27B2DC00A9C7B7 /* GrayViewController.swift in Sources */,
				01E5E1001C27B2CF00A9C7B7 /* BlueViewController.swift in Sources */,
				01E5E1061C27B45600A9C7B7 /* FadeTransition.swift in Sources */,
				01E5E0EE1C27B21A00A9C7B7 /* AppDelegate.swift in Sources */,
			);
			runOnlyForDeploymentPostprocessing = 0;
		};
/* End PBXSourcesBuildPhase section */

/* Begin PBXVariantGroup section */
		01E5E0F11C27B21A00A9C7B7 /* Main.storyboard */ = {
			isa = PBXVariantGroup;
			children = (
				01E5E0F21C27B21A00A9C7B7 /* Base */,
			);
			name = Main.storyboard;
			sourceTree = "<group>";
		};
		01E5E0F61C27B21A00A9C7B7 /* LaunchScreen.storyboard */ = {
			isa = PBXVariantGroup;
			children = (
				01E5E0F71C27B21A00A9C7B7 /* Base */,
			);
			name = LaunchScreen.storyboard;
			sourceTree = "<group>";
		};
/* End PBXVariantGroup section */

/* Begin XCBuildConfiguration section */
		01E5E0FA1C27B21A00A9C7B7 /* Debug */ = {
			isa = XCBuildConfiguration;
			buildSettings = {
				ALWAYS_SEARCH_USER_PATHS = NO;
				CLANG_CXX_LANGUAGE_STANDARD = "gnu++0x";
				CLANG_CXX_LIBRARY = "libc++";
				CLANG_ENABLE_MODULES = YES;
				CLANG_ENABLE_OBJC_ARC = YES;
				CLANG_WARN_BOOL_CONVERSION = YES;
				CLANG_WARN_CONSTANT_CONVERSION = YES;
				CLANG_WARN_DIRECT_OBJC_ISA_USAGE = YES_ERROR;
				CLANG_WARN_EMPTY_BODY = YES;
				CLANG_WARN_ENUM_CONVERSION = YES;
				CLANG_WARN_INT_CONVERSION = YES;
				CLANG_WARN_OBJC_ROOT_CLASS = YES_ERROR;
				CLANG_WARN_UNREACHABLE_CODE = YES;
				CLANG_WARN__DUPLICATE_METHOD_MATCH = YES;
				"CODE_SIGN_IDENTITY[sdk=iphoneos*]" = "iPhone Developer";
				COPY_PHASE_STRIP = NO;
				DEBUG_INFORMATION_FORMAT = dwarf;
				ENABLE_STRICT_OBJC_MSGSEND = YES;
				ENABLE_TESTABILITY = YES;
				GCC_C_LANGUAGE_STANDARD = gnu99;
				GCC_DYNAMIC_NO_PIC = NO;
				GCC_NO_COMMON_BLOCKS = YES;
				GCC_OPTIMIZATION_LEVEL = 0;
				GCC_PREPROCESSOR_DEFINITIONS = (
					"DEBUG=1",
					"$(inherited)",
				);
				GCC_WARN_64_TO_32_BIT_CONVERSION = YES;
				GCC_WARN_ABOUT_RETURN_TYPE = YES_ERROR;
				GCC_WARN_UNDECLARED_SELECTOR = YES;
				GCC_WARN_UNINITIALIZED_AUTOS = YES_AGGRESSIVE;
				GCC_WARN_UNUSED_FUNCTION = YES;
				GCC_WARN_UNUSED_VARIABLE = YES;
				IPHONEOS_DEPLOYMENT_TARGET = 9.2;
				MTL_ENABLE_DEBUG_INFO = YES;
				ONLY_ACTIVE_ARCH = YES;
				SDKROOT = iphoneos;
				SWIFT_OPTIMIZATION_LEVEL = "-Onone";
			};
			name = Debug;
		};
		01E5E0FB1C27B21A00A9C7B7 /* Release */ = {
			isa = XCBuildConfiguration;
			buildSettings = {
				ALWAYS_SEARCH_USER_PATHS = NO;
				CLANG_CXX_LANGUAGE_STANDARD = "gnu++0x";
				CLANG_CXX_LIBRARY = "libc++";
				CLANG_ENABLE_MODULES = YES;
				CLANG_ENABLE_OBJC_ARC = YES;
				CLANG_WARN_BOOL_CONVERSION = YES;
				CLANG_WARN_CONSTANT_CONVERSION = YES;
				CLANG_WARN_DIRECT_OBJC_ISA_USAGE = YES_ERROR;
				CLANG_WARN_EMPTY_BODY = YES;
				CLANG_WARN_ENUM_CONVERSION = YES;
				CLANG_WARN_INT_CONVERSION = YES;
				CLANG_WARN_OBJC_ROOT_CLASS = YES_ERROR;
				CLANG_WARN_UNREACHABLE_CODE = YES;
				CLANG_WARN__DUPLICATE_METHOD_MATCH = YES;
				"CODE_SIGN_IDENTITY[sdk=iphoneos*]" = "iPhone Developer";
				COPY_PHASE_STRIP = NO;
				DEBUG_INFORMATION_FORMAT = "dwarf-with-dsym";
				ENABLE_NS_ASSERTIONS = NO;
				ENABLE_STRICT_OBJC_MSGSEND = YES;
				GCC_C_LANGUAGE_STANDARD = gnu99;
				GCC_NO_COMMON_BLOCKS = YES;
				GCC_WARN_64_TO_32_BIT_CONVERSION = YES;
				GCC_WARN_ABOUT_RETURN_TYPE = YES_ERROR;
				GCC_WARN_UNDECLARED_SELECTOR = YES;
				GCC_WARN_UNINITIALIZED_AUTOS = YES_AGGRESSIVE;
				GCC_WARN_UNUSED_FUNCTION = YES;
				GCC_WARN_UNUSED_VARIABLE = YES;
				IPHONEOS_DEPLOYMENT_TARGET = 9.2;
				MTL_ENABLE_DEBUG_INFO = NO;
				SDKROOT = iphoneos;
				VALIDATE_PRODUCT = YES;
			};
			name = Release;
		};
		01E5E0FD1C27B21A00A9C7B7 /* Debug */ = {
			isa = XCBuildConfiguration;
			buildSettings = {
				ASSETCATALOG_COMPILER_APPICON_NAME = AppIcon;
				INFOPLIST_FILE = transitionAgain/Info.plist;
				LD_RUNPATH_SEARCH_PATHS = "$(inherited) @executable_path/Frameworks";
				PRODUCT_BUNDLE_IDENTIFIER = com.staceygennoy.transitionAgain;
				PRODUCT_NAME = "$(TARGET_NAME)";
			};
			name = Debug;
		};
		01E5E0FE1C27B21A00A9C7B7 /* Release */ = {
			isa = XCBuildConfiguration;
			buildSettings = {
				ASSETCATALOG_COMPILER_APPICON_NAME = AppIcon;
				INFOPLIST_FILE = transitionAgain/Info.plist;
				LD_RUNPATH_SEARCH_PATHS = "$(inherited) @executable_path/Frameworks";
				PRODUCT_BUNDLE_IDENTIFIER = com.staceygennoy.transitionAgain;
				PRODUCT_NAME = "$(TARGET_NAME)";
			};
			name = Release;
		};
/* End XCBuildConfiguration section */

/* Begin XCConfigurationList section */
		01E5E0E51C27B21A00A9C7B7 /* Build configuration list for PBXProject "transitionAgain" */ = {
			isa = XCConfigurationList;
			buildConfigurations = (
				01E5E0FA1C27B21A00A9C7B7 /* Debug */,
				01E5E0FB1C27B21A00A9C7B7 /* Release */,
			);
			defaultConfigurationIsVisible = 0;
			defaultConfigurationName = Release;
		};
		01E5E0FC1C27B21A00A9C7B7 /* Build configuration list for PBXNativeTarget "transitionAgain" */ = {
			isa = XCConfigurationList;
			buildConfigurations = (
				01E5E0FD1C27B21A00A9C7B7 /* Debug */,
				01E5E0FE1C27B21A00A9C7B7 /* Release */,
			);
			defaultConfigurationIsVisible = 0;
		};
/* End XCConfigurationList section */
	};
	rootObject = 01E5E0E21C27B21A00A9C7B7 /* Project object */;
}
